
Microsoft Visual Studio Solution File, Format Version 12.00
# Visual Studio Version 17
VisualStudioVersion = 17.14.36414.22
MinimumVisualStudioVersion = 10.0.40219.1
Project("{8BC9CEB8-8B4A-11D0-8D11-00A0C91BC942}") = "ch07", "ch07\ch07.vcxproj", "{5EC7B7FD-3974-475F-85AA-03184A96B0BD}"
EndProject
Project("{8BC9CEB8-8B4A-11D0-8D11-00A0C91BC942}") = "ch08", "ch08\ch08.vcxproj", "{839906DF-1BF4-451A-8543-B58E1A262981}"
EndProject
Project("{8BC9CEB8-8B4A-11D0-8D11-00A0C91BC942}") = "ch07-Assignment", "ch07-Assignment\ch07-Assignment.vcxproj", "{86EAC09A-7378-40B7-8C93-EB51FA201721}"
EndProject
Project("{8BC9CEB8-8B4A-11D0-8D11-00A0C91BC942}") = "ch09", "ch09\ch09.vcxproj", "{6C61B443-1438-4B73-8B50-98AB9655DD3B}"
EndProject
Project("{8BC9CEB8-8B4A-11D0-8D11-00A0C91BC942}") = "ch08-Assignment", "ch08-Assignment\ch08-Assignment.vcxproj", "{A11E9CD1-B91E-4531-94EE-9F8B4F14904F}"
EndProject
Project("{8BC9CEB8-8B4A-11D0-8D11-00A0C91BC942}") = "ch09-Assignment", "ch09-Assignment\ch09-Assignment.vcxproj", "{43786809-FFDD-4BFA-9B2C-627B75F58915}"
EndProject
Project("{8BC9CEB8-8B4A-11D0-8D11-00A0C91BC942}") = "ch10", "ch10\ch10.vcxproj", "{F8A6A818-DBAC-4EFA-B7AB-F3D9FAEB4FE6}"
EndProject
Project("{8BC9CEB8-8B4A-11D0-8D11-00A0C91BC942}") = "ch10-Assignment", "ch10-Assignment\ch10-Assignment.vcxproj", "{BFAB2EAF-329A-433F-AB0B-E3D3B23C81E2}"
EndProject
Project("{8BC9CEB8-8B4A-11D0-8D11-00A0C91BC942}") = "ch11", "ch11\ch11.vcxproj", "{DCAD8B11-7DB0-47F4-8BD8-F6E614CD9D5F}"
EndProject
Project("{8BC9CEB8-8B4A-11D0-8D11-00A0C91BC942}") = "ch11-Assignment", "ch11-Assignment\ch11-Assignment.vcxproj", "{BF78F054-2836-45D1-83CA-E31DCC1A802C}"
EndProject
Project("{8BC9CEB8-8B4A-11D0-8D11-00A0C91BC942}") = "ch12", "ch12\ch12.vcxproj", "{11A0E2BD-C736-4A80-97DE-5A84E51BBB5D}"
EndProject
Project("{8BC9CEB8-8B4A-11D0-8D11-00A0C91BC942}") = "ch12-Assignment", "ch12-Assignment\ch12-Assignment.vcxproj", "{D94FE533-E146-44D2-8B86-8A5793C170F2}"
EndProject
Project("{8BC9CEB8-8B4A-11D0-8D11-00A0C91BC942}") = "ch13-Assignment", "ch13-Assignment\ch13-Assignment.vcxproj", "{24BD436C-0E81-4A8A-BA97-5EDB02191063}"
EndProject
Global
	GlobalSection(SolutionConfigurationPlatforms) = preSolution
		Debug|x64 = Debug|x64
		Debug|x86 = Debug|x86
		Release|x64 = Release|x64
		Release|x86 = Release|x86
	EndGlobalSection
	GlobalSection(ProjectConfigurationPlatforms) = postSolution
		{5EC7B7FD-3974-475F-85AA-03184A96B0BD}.Debug|x64.ActiveCfg = Debug|x64
		{5EC7B7FD-3974-475F-85AA-03184A96B0BD}.Debug|x64.Build.0 = Debug|x64
		{5EC7B7FD-3974-475F-85AA-03184A96B0BD}.Debug|x86.ActiveCfg = Debug|Win32
		{5EC7B7FD-3974-475F-85AA-03184A96B0BD}.Debug|x86.Build.0 = Debug|Win32
		{5EC7B7FD-3974-475F-85AA-03184A96B0BD}.Release|x64.ActiveCfg = Release|x64
		{5EC7B7FD-3974-475F-85AA-03184A96B0BD}.Release|x64.Build.0 = Release|x64
		{5EC7B7FD-3974-475F-85AA-03184A96B0BD}.Release|x86.ActiveCfg = Release|Win32
		{5EC7B7FD-3974-475F-85AA-03184A96B0BD}.Release|x86.Build.0 = Release|Win32
		{839906DF-1BF4-451A-8543-B58E1A262981}.Debug|x64.ActiveCfg = Debug|x64
		{839906DF-1BF4-451A-8543-B58E1A262981}.Debug|x64.Build.0 = Debug|x64
		{839906DF-1BF4-451A-8543-B58E1A262981}.Debug|x86.ActiveCfg = Debug|Win32
		{839906DF-1BF4-451A-8543-B58E1A262981}.Debug|x86.Build.0 = Debug|Win32
		{839906DF-1BF4-451A-8543-B58E1A262981}.Release|x64.ActiveCfg = Release|x64
		{839906DF-1BF4-451A-8543-B58E1A262981}.Release|x64.Build.0 = Release|x64
		{839906DF-1BF4-451A-8543-B58E1A262981}.Release|x86.ActiveCfg = Release|Win32
		{839906DF-1BF4-451A-8543-B58E1A262981}.Release|x86.Build.0 = Release|Win32
		{86EAC09A-7378-40B7-8C93-EB51FA201721}.Debug|x64.ActiveCfg = Debug|x64
		{86EAC09A-7378-40B7-8C93-EB51FA201721}.Debug|x64.Build.0 = Debug|x64
		{86EAC09A-7378-40B7-8C93-EB51FA201721}.Debug|x86.ActiveCfg = Debug|Win32
		{86EAC09A-7378-40B7-8C93-EB51FA201721}.Debug|x86.Build.0 = Debug|Win32
		{86EAC09A-7378-40B7-8C93-EB51FA201721}.Release|x64.ActiveCfg = Release|x64
		{86EAC09A-7378-40B7-8C93-EB51FA201721}.Release|x64.Build.0 = Release|x64
		{86EAC09A-7378-40B7-8C93-EB51FA201721}.Release|x86.ActiveCfg = Release|Win32
		{86EAC09A-7378-40B7-8C93-EB51FA201721}.Release|x86.Build.0 = Release|Win32
		{6C61B443-1438-4B73-8B50-98AB9655DD3B}.Debug|x64.ActiveCfg = Debug|x64
		{6C61B443-1438-4B73-8B50-98AB9655DD3B}.Debug|x64.Build.0 = Debug|x64
		{6C61B443-1438-4B73-8B50-98AB9655DD3B}.Debug|x86.ActiveCfg = Debug|Win32
		{6C61B443-1438-4B73-8B50-98AB9655DD3B}.Debug|x86.Build.0 = Debug|Win32
		{6C61B443-1438-4B73-8B50-98AB9655DD3B}.Release|x64.ActiveCfg = Release|x64
		{6C61B443-1438-4B73-8B50-98AB9655DD3B}.Release|x64.Build.0 = Release|x64
		{6C61B443-1438-4B73-8B50-98AB9655DD3B}.Release|x86.ActiveCfg = Release|Win32
		{6C61B443-1438-4B73-8B50-98AB9655DD3B}.Release|x86.Build.0 = Release|Win32
		{A11E9CD1-B91E-4531-94EE-9F8B4F14904F}.Debug|x64.ActiveCfg = Debug|x64
		{A11E9CD1-B91E-4531-94EE-9F8B4F14904F}.Debug|x64.Build.0 = Debug|x64
		{A11E9CD1-B91E-4531-94EE-9F8B4F14904F}.Debug|x86.ActiveCfg = Debug|Win32
		{A11E9CD1-B91E-4531-94EE-9F8B4F14904F}.Debug|x86.Build.0 = Debug|Win32
		{A11E9CD1-B91E-4531-94EE-9F8B4F14904F}.Release|x64.ActiveCfg = Release|x64
		{A11E9CD1-B91E-4531-94EE-9F8B4F14904F}.Release|x64.Build.0 = Release|x64
		{A11E9CD1-B91E-4531-94EE-9F8B4F14904F}.Release|x86.ActiveCfg = Release|Win32
		{A11E9CD1-B91E-4531-94EE-9F8B4F14904F}.Release|x86.Build.0 = Release|Win32
		{43786809-FFDD-4BFA-9B2C-627B75F58915}.Debug|x64.ActiveCfg = Debug|x64
		{43786809-FFDD-4BFA-9B2C-627B75F58915}.Debug|x64.Build.0 = Debug|x64
		{43786809-FFDD-4BFA-9B2C-627B75F58915}.Debug|x86.ActiveCfg = Debug|Win32
		{43786809-FFDD-4BFA-9B2C-627B75F58915}.Debug|x86.Build.0 = Debug|Win32
		{43786809-FFDD-4BFA-9B2C-627B75F58915}.Release|x64.ActiveCfg = Release|x64
		{43786809-FFDD-4BFA-9B2C-627B75F58915}.Release|x64.Build.0 = Release|x64
		{43786809-FFDD-4BFA-9B2C-627B75F58915}.Release|x86.ActiveCfg = Release|Win32
		{43786809-FFDD-4BFA-9B2C-627B75F58915}.Release|x86.Build.0 = Release|Win32
		{F8A6A818-DBAC-4EFA-B7AB-F3D9FAEB4FE6}.Debug|x64.ActiveCfg = Debug|x64
		{F8A6A818-DBAC-4EFA-B7AB-F3D9FAEB4FE6}.Debug|x64.Build.0 = Debug|x64
		{F8A6A818-DBAC-4EFA-B7AB-F3D9FAEB4FE6}.Debug|x86.ActiveCfg = Debug|Win32
		{F8A6A818-DBAC-4EFA-B7AB-F3D9FAEB4FE6}.Debug|x86.Build.0 = Debug|Win32
		{F8A6A818-DBAC-4EFA-B7AB-F3D9FAEB4FE6}.Release|x64.ActiveCfg = Release|x64
		{F8A6A818-DBAC-4EFA-B7AB-F3D9FAEB4FE6}.Release|x64.Build.0 = Release|x64
		{F8A6A818-DBAC-4EFA-B7AB-F3D9FAEB4FE6}.Release|x86.ActiveCfg = Release|Win32
		{F8A6A818-DBAC-4EFA-B7AB-F3D9FAEB4FE6}.Release|x86.Build.0 = Release|Win32
		{BFAB2EAF-329A-433F-AB0B-E3D3B23C81E2}.Debug|x64.ActiveCfg = Debug|x64
		{BFAB2EAF-329A-433F-AB0B-E3D3B23C81E2}.Debug|x64.Build.0 = Debug|x64
		{BFAB2EAF-329A-433F-AB0B-E3D3B23C81E2}.Debug|x86.ActiveCfg = Debug|Win32
		{BFAB2EAF-329A-433F-AB0B-E3D3B23C81E2}.Debug|x86.Build.0 = Debug|Win32
		{BFAB2EAF-329A-433F-AB0B-E3D3B23C81E2}.Release|x64.ActiveCfg = Release|x64
		{BFAB2EAF-329A-433F-AB0B-E3D3B23C81E2}.Release|x64.Build.0 = Release|x64
		{BFAB2EAF-329A-433F-AB0B-E3D3B23C81E2}.Release|x86.ActiveCfg = Release|Win32
		{BFAB2EAF-329A-433F-AB0B-E3D3B23C81E2}.Release|x86.Build.0 = Release|Win32
		{DCAD8B11-7DB0-47F4-8BD8-F6E614CD9D5F}.Debug|x64.ActiveCfg = Debug|x64
		{DCAD8B11-7DB0-47F4-8BD8-F6E614CD9D5F}.Debug|x64.Build.0 = Debug|x64
		{DCAD8B11-7DB0-47F4-8BD8-F6E614CD9D5F}.Debug|x86.ActiveCfg = Debug|Win32
		{DCAD8B11-7DB0-47F4-8BD8-F6E614CD9D5F}.Debug|x86.Build.0 = Debug|Win32
		{DCAD8B11-7DB0-47F4-8BD8-F6E614CD9D5F}.Release|x64.ActiveCfg = Release|x64
		{DCAD8B11-7DB0-47F4-8BD8-F6E614CD9D5F}.Release|x64.Build.0 = Release|x64
		{DCAD8B11-7DB0-47F4-8BD8-F6E614CD9D5F}.Release|x86.ActiveCfg = Release|Win32
		{DCAD8B11-7DB0-47F4-8BD8-F6E614CD9D5F}.Release|x86.Build.0 = Release|Win32
		{BF78F054-2836-45D1-83CA-E31DCC1A802C}.Debug|x64.ActiveCfg = Debug|x64
		{BF78F054-2836-45D1-83CA-E31DCC1A802C}.Debug|x64.Build.0 = Debug|x64
		{BF78F054-2836-45D1-83CA-E31DCC1A802C}.Debug|x86.ActiveCfg = Debug|Win32
		{BF78F054-2836-45D1-83CA-E31DCC1A802C}.Debug|x86.Build.0 = Debug|Win32
		{BF78F054-2836-45D1-83CA-E31DCC1A802C}.Release|x64.ActiveCfg = Release|x64
		{BF78F054-2836-45D1-83CA-E31DCC1A802C}.Release|x64.Build.0 = Release|x64
		{BF78F054-2836-45D1-83CA-E31DCC1A802C}.Release|x86.ActiveCfg = Release|Win32
		{BF78F054-2836-45D1-83CA-E31DCC1A802C}.Release|x86.Build.0 = Release|Win32
		{11A0E2BD-C736-4A80-97DE-5A84E51BBB5D}.Debug|x64.ActiveCfg = Debug|x64
		{11A0E2BD-C736-4A80-97DE-5A84E51BBB5D}.Debug|x64.Build.0 = Debug|x64
		{11A0E2BD-C736-4A80-97DE-5A84E51BBB5D}.Debug|x86.ActiveCfg = Debug|Win32
		{11A0E2BD-C736-4A80-97DE-5A84E51BBB5D}.Debug|x86.Build.0 = Debug|Win32
		{11A0E2BD-C736-4A80-97DE-5A84E51BBB5D}.Release|x64.ActiveCfg = Release|x64
		{11A0E2BD-C736-4A80-97DE-5A84E51BBB5D}.Release|x64.Build.0 = Release|x64
		{11A0E2BD-C736-4A80-97DE-5A84E51BBB5D}.Release|x86.ActiveCfg = Release|Win32
		{11A0E2BD-C736-4A80-97DE-5A84E51BBB5D}.Release|x86.Build.0 = Release|Win32
		{D94FE533-E146-44D2-8B86-8A5793C170F2}.Debug|x64.ActiveCfg = Debug|x64
		{D94FE533-E146-44D2-8B86-8A5793C170F2}.Debug|x64.Build.0 = Debug|x64
		{D94FE533-E146-44D2-8B86-8A5793C170F2}.Debug|x86.ActiveCfg = Debug|Win32
		{D94FE533-E146-44D2-8B86-8A5793C170F2}.Debug|x86.Build.0 = Debug|Win32
		{D94FE533-E146-44D2-8B86-8A5793C170F2}.Release|x64.ActiveCfg = Release|x64
		{D94FE533-E146-44D2-8B86-8A5793C170F2}.Release|x64.Build.0 = Release|x64
		{D94FE533-E146-44D2-8B86-8A5793C170F2}.Release|x86.ActiveCfg = Release|Win32
		{D94FE533-E146-44D2-8B86-8A5793C170F2}.Release|x86.Build.0 = Release|Win32
		{24BD436C-0E81-4A8A-BA97-5EDB02191063}.Debug|x64.ActiveCfg = Debug|x64
		{24BD436C-0E81-4A8A-BA97-5EDB02191063}.Debug|x64.Build.0 = Debug|x64
		{24BD436C-0E81-4A8A-BA97-5EDB02191063}.Debug|x86.ActiveCfg = Debug|Win32
		{24BD436C-0E81-4A8A-BA97-5EDB02191063}.Debug|x86.Build.0 = Debug|Win32
		{24BD436C-0E81-4A8A-BA97-5EDB02191063}.Release|x64.ActiveCfg = Release|x64
		{24BD436C-0E81-4A8A-BA97-5EDB02191063}.Release|x64.Build.0 = Release|x64
		{24BD436C-0E81-4A8A-BA97-5EDB02191063}.Release|x86.ActiveCfg = Release|Win32
		{24BD436C-0E81-4A8A-BA97-5EDB02191063}.Release|x86.Build.0 = Release|Win32
	EndGlobalSection
	GlobalSection(SolutionProperties) = preSolution
		HideSolutionNode = FALSE
	EndGlobalSection
	GlobalSection(ExtensibilityGlobals) = postSolution
		SolutionGuid = {64F67CDD-F07C-458B-A40D-886AFBF3A4C9}
	EndGlobalSection
EndGlobal
